
Microsoft Visual Studio Solution File, Format Version 12.00
# Visual Studio Version 17
VisualStudioVersion = 17.14.36408.4 d17.14
MinimumVisualStudioVersion = 10.0.40219.1
Project("{FAE04EC0-301F-11D3-BF4B-00C04F79EFBC}") = "SpendBetter", "SpendBetter\SpendBetter.csproj", "{6B4BD0A2-F253-4D34-9E63-296132110D51}"
EndProject
Global
	GlobalSection(SolutionConfigurationPlatforms) = preSolution
		Debug|Any CPU = Debug|Any CPU
		Release|Any CPU = Release|Any CPU
	EndGlobalSection
	GlobalSection(ProjectConfigurationPlatforms) = postSolution
		{6B4BD0A2-F253-4D34-9E63-296132110D51}.Debug|Any CPU.ActiveCfg = Debug|Any CPU
		{6B4BD0A2-F253-4D34-9E63-296132110D51}.Debug|Any CPU.Build.0 = Debug|Any CPU
		{6B4BD0A2-F253-4D34-9E63-296132110D51}.Release|Any CPU.ActiveCfg = Release|Any CPU
		{6B4BD0A2-F253-4D34-9E63-296132110D51}.Release|Any CPU.Build.0 = Release|Any CPU
	EndGlobalSection
	GlobalSection(SolutionProperties) = preSolution
		HideSolutionNode = FALSE
	EndGlobalSection
	GlobalSection(ExtensibilityGlobals) = postSolution
		SolutionGuid = {A4928E05-C5E6-4D60-9710-234FE79FF8F9}
	EndGlobalSection
EndGlobal
